# This file is automatically @generated by Cargo.
# It is not intended for manual editing.
version = 4

[[package]]
name = "ds-core"
version = "0.1.0"
dependencies = [
 "ds-soundfont",
 "hound",
]

[[package]]
name = "ds-examples"
version = "0.1.0"
dependencies = [
 "ds-core",
 "ds-soundfont",
 "hound",
]

[[package]]
name = "ds-soundfont"
version = "0.1.0"
dependencies = [
 "soundfont",
]

[[package]]
name = "hound"
version = "3.5.1"
source = "registry+https://github.com/rust-lang/crates.io-index"
checksum = "62adaabb884c94955b19907d60019f4e145d091c75345379e70d1ee696f7854f"

[[package]]
name = "soundfont"
version = "0.1.0"
source = "registry+https://github.com/rust-lang/crates.io-index"
checksum = "2a7f4cb358863e55f8f1a3882f68601360cf6c42fc53ff2fe9aea41c33e24489"
