# This file is automatically @generated by Cargo.
# It is not intended for manual editing.
version = 4

[[package]]
name = "ds-examples"
version = "0.1.0"
dependencies = [
 "dysonphere-core",
 "dysonphere-soundfont",
 "hound",
 "lazy_static",
]

[[package]]
name = "dysonphere-core"
version = "0.1.0"
dependencies = [
 "dysonphere-soundfont",
 "hound",
]

[[package]]
name = "dysonphere-soundfont"
version = "0.1.0"
dependencies = [
 "soundfont",
]

[[package]]
name = "hound"
version = "3.5.1"
source = "registry+https://github.com/rust-lang/crates.io-index"
checksum = "62adaabb884c94955b19907d60019f4e145d091c75345379e70d1ee696f7854f"

[[package]]
name = "lazy_static"
version = "1.5.0"
source = "registry+https://github.com/rust-lang/crates.io-index"
checksum = "bbd2bcb4c963f2ddae06a2efc7e9f3591312473c50c6685e1f298068316e66fe"

[[package]]
name = "soundfont"
version = "0.1.0"
source = "registry+https://github.com/rust-lang/crates.io-index"
checksum = "2a7f4cb358863e55f8f1a3882f68601360cf6c42fc53ff2fe9aea41c33e24489"
